
Microsoft Visual Studio Solution File, Format Version 11.00
# Visual Studio 2010
Project("{8BC9CEB8-8B4A-11D0-8D11-00A0C91BC942}") = "KD_Project", "KD_Project\KD_Project.vcxproj", "{9F4CF0F5-A2E6-4575-80DB-8A0B321E449F}"
EndProject
Global
	GlobalSection(SolutionConfigurationPlatforms) = preSolution
		CSG_Debug|Win32 = CSG_Debug|Win32
		Debug|Win32 = Debug|Win32
		Release|Win32 = Release|Win32
	EndGlobalSection
	GlobalSection(ProjectConfigurationPlatforms) = postSolution
		{9F4CF0F5-A2E6-4575-80DB-8A0B321E449F}.CSG_Debug|Win32.ActiveCfg = CSG_Debug|Win32
		{9F4CF0F5-A2E6-4575-80DB-8A0B321E449F}.CSG_Debug|Win32.Build.0 = CSG_Debug|Win32
		{9F4CF0F5-A2E6-4575-80DB-8A0B321E449F}.Debug|Win32.ActiveCfg = Debug|Win32
		{9F4CF0F5-A2E6-4575-80DB-8A0B321E449F}.Debug|Win32.Build.0 = Debug|Win32
		{9F4CF0F5-A2E6-4575-80DB-8A0B321E449F}.Release|Win32.ActiveCfg = Release|Win32
		{9F4CF0F5-A2E6-4575-80DB-8A0B321E449F}.Release|Win32.Build.0 = Release|Win32
	EndGlobalSection
	GlobalSection(SolutionProperties) = preSolution
		HideSolutionNode = FALSE
	EndGlobalSection
EndGlobal
